
Microsoft Visual Studio Solution File, Format Version 12.00
# Visual Studio Version 16
VisualStudioVersion = 16.0.28714.193
MinimumVisualStudioVersion = 10.0.40219.1
Project("{9A19103F-16F7-4668-BE54-9A1E7A4F7556}") = "IRzeszow.WebApi", "IRzeszow.WebApi\IRzeszow.WebApi.csproj", "{E1ADE45C-77AE-4CA7-8088-C5CC5651A5F3}"
EndProject
Project("{9A19103F-16F7-4668-BE54-9A1E7A4F7556}") = "IRzeszow.Component", "IRzeszow.Component\IRzeszow.Component.csproj", "{29210D63-D0AC-4561-865F-C90E4496C3BE}"
EndProject
Project("{FAE04EC0-301F-11D3-BF4B-00C04F79EFBC}") = "IRzeszow.Data", "IRzeszow.Data\IRzeszow.Data.csproj", "{FA303E2E-F194-4101-A3AA-947A5A3A35D5}"
EndProject
Project("{FAE04EC0-301F-11D3-BF4B-00C04F79EFBC}") = "IRzeszow.Model", "IRzeszow.Model\IRzeszow.Model.csproj", "{91B40DC8-67EA-4FDB-8E25-783A90CE40B2}"
EndProject
Project("{FAE04EC0-301F-11D3-BF4B-00C04F79EFBC}") = "IRzeszow.Repository", "IRzeszow.Repository\IRzeszow.Repository.csproj", "{A08FEF5A-C9B9-40D4-A47E-82B277211B04}"
EndProject
Project("{FAE04EC0-301F-11D3-BF4B-00C04F79EFBC}") = "IRzeszow.Service", "IRzeszow.Service\IRzeszow.Service.csproj", "{51E56F6D-76CE-4F94-AD83-CED5784977AE}"
EndProject
Global
	GlobalSection(SolutionConfigurationPlatforms) = preSolution
		Debug|Any CPU = Debug|Any CPU
		Release|Any CPU = Release|Any CPU
	EndGlobalSection
	GlobalSection(ProjectConfigurationPlatforms) = postSolution
		{E1ADE45C-77AE-4CA7-8088-C5CC5651A5F3}.Debug|Any CPU.ActiveCfg = Debug|Any CPU
		{E1ADE45C-77AE-4CA7-8088-C5CC5651A5F3}.Debug|Any CPU.Build.0 = Debug|Any CPU
		{E1ADE45C-77AE-4CA7-8088-C5CC5651A5F3}.Release|Any CPU.ActiveCfg = Release|Any CPU
		{E1ADE45C-77AE-4CA7-8088-C5CC5651A5F3}.Release|Any CPU.Build.0 = Release|Any CPU
		{29210D63-D0AC-4561-865F-C90E4496C3BE}.Debug|Any CPU.ActiveCfg = Debug|Any CPU
		{29210D63-D0AC-4561-865F-C90E4496C3BE}.Debug|Any CPU.Build.0 = Debug|Any CPU
		{29210D63-D0AC-4561-865F-C90E4496C3BE}.Release|Any CPU.ActiveCfg = Release|Any CPU
		{29210D63-D0AC-4561-865F-C90E4496C3BE}.Release|Any CPU.Build.0 = Release|Any CPU
		{FA303E2E-F194-4101-A3AA-947A5A3A35D5}.Debug|Any CPU.ActiveCfg = Debug|Any CPU
		{FA303E2E-F194-4101-A3AA-947A5A3A35D5}.Debug|Any CPU.Build.0 = Debug|Any CPU
		{FA303E2E-F194-4101-A3AA-947A5A3A35D5}.Release|Any CPU.ActiveCfg = Release|Any CPU
		{FA303E2E-F194-4101-A3AA-947A5A3A35D5}.Release|Any CPU.Build.0 = Release|Any CPU
		{91B40DC8-67EA-4FDB-8E25-783A90CE40B2}.Debug|Any CPU.ActiveCfg = Debug|Any CPU
		{91B40DC8-67EA-4FDB-8E25-783A90CE40B2}.Debug|Any CPU.Build.0 = Debug|Any CPU
		{91B40DC8-67EA-4FDB-8E25-783A90CE40B2}.Release|Any CPU.ActiveCfg = Release|Any CPU
		{91B40DC8-67EA-4FDB-8E25-783A90CE40B2}.Release|Any CPU.Build.0 = Release|Any CPU
		{A08FEF5A-C9B9-40D4-A47E-82B277211B04}.Debug|Any CPU.ActiveCfg = Debug|Any CPU
		{A08FEF5A-C9B9-40D4-A47E-82B277211B04}.Debug|Any CPU.Build.0 = Debug|Any CPU
		{A08FEF5A-C9B9-40D4-A47E-82B277211B04}.Release|Any CPU.ActiveCfg = Release|Any CPU
		{A08FEF5A-C9B9-40D4-A47E-82B277211B04}.Release|Any CPU.Build.0 = Release|Any CPU
		{51E56F6D-76CE-4F94-AD83-CED5784977AE}.Debug|Any CPU.ActiveCfg = Debug|Any CPU
		{51E56F6D-76CE-4F94-AD83-CED5784977AE}.Debug|Any CPU.Build.0 = Debug|Any CPU
		{51E56F6D-76CE-4F94-AD83-CED5784977AE}.Release|Any CPU.ActiveCfg = Release|Any CPU
		{51E56F6D-76CE-4F94-AD83-CED5784977AE}.Release|Any CPU.Build.0 = Release|Any CPU
	EndGlobalSection
	GlobalSection(SolutionProperties) = preSolution
		HideSolutionNode = FALSE
	EndGlobalSection
	GlobalSection(ExtensibilityGlobals) = postSolution
		SolutionGuid = {C6499EEC-E114-4982-936A-C7A288EABAF3}
	EndGlobalSection
EndGlobal
